
Microsoft Visual Studio Solution File, Format Version 12.00
# Visual Studio Version 17
VisualStudioVersion = 17.5.33502.453
MinimumVisualStudioVersion = 10.0.40219.1
Project("{9A19103F-16F7-4668-BE54-9A1E7A4F7556}") = "InventoryApp", "InventoryApp\InventoryApp.csproj", "{3F44E36A-0A5E-4C6C-AD36-76072DBACE59}"
EndProject
Project("{9A19103F-16F7-4668-BE54-9A1E7A4F7556}") = "InventoryApp.Model", "InventoryApp.Model\InventoryApp.Model.csproj", "{30E8CA3B-5A6F-40BB-9207-3E2406F09281}"
EndProject
Global
	GlobalSection(SolutionConfigurationPlatforms) = preSolution
		Debug|Any CPU = Debug|Any CPU
		Release|Any CPU = Release|Any CPU
	EndGlobalSection
	GlobalSection(ProjectConfigurationPlatforms) = postSolution
		{3F44E36A-0A5E-4C6C-AD36-76072DBACE59}.Debug|Any CPU.ActiveCfg = Debug|Any CPU
		{3F44E36A-0A5E-4C6C-AD36-76072DBACE59}.Debug|Any CPU.Build.0 = Debug|Any CPU
		{3F44E36A-0A5E-4C6C-AD36-76072DBACE59}.Release|Any CPU.ActiveCfg = Release|Any CPU
		{3F44E36A-0A5E-4C6C-AD36-76072DBACE59}.Release|Any CPU.Build.0 = Release|Any CPU
		{30E8CA3B-5A6F-40BB-9207-3E2406F09281}.Debug|Any CPU.ActiveCfg = Debug|Any CPU
		{30E8CA3B-5A6F-40BB-9207-3E2406F09281}.Debug|Any CPU.Build.0 = Debug|Any CPU
		{30E8CA3B-5A6F-40BB-9207-3E2406F09281}.Release|Any CPU.ActiveCfg = Release|Any CPU
		{30E8CA3B-5A6F-40BB-9207-3E2406F09281}.Release|Any CPU.Build.0 = Release|Any CPU
	EndGlobalSection
	GlobalSection(SolutionProperties) = preSolution
		HideSolutionNode = FALSE
	EndGlobalSection
	GlobalSection(ExtensibilityGlobals) = postSolution
		SolutionGuid = {00668C96-2990-40D1-A6E8-315B624E9F61}
	EndGlobalSection
EndGlobal
